
Microsoft Visual Studio Solution File, Format Version 12.00
# Visual Studio 15
VisualStudioVersion = 15.0.27428.2043
MinimumVisualStudioVersion = 10.0.40219.1
Project("{FAE04EC0-301F-11D3-BF4B-00C04F79EFBC}") = "WinFormChangeColor", "WinFormChangeColor\WinFormChangeColor.csproj", "{67A53B0D-417E-4E2F-A796-18B2FDB952A8}"
EndProject
Global
	GlobalSection(SolutionConfigurationPlatforms) = preSolution
		Debug|Any CPU = Debug|Any CPU
		Release|Any CPU = Release|Any CPU
	EndGlobalSection
	GlobalSection(ProjectConfigurationPlatforms) = postSolution
		{67A53B0D-417E-4E2F-A796-18B2FDB952A8}.Debug|Any CPU.ActiveCfg = Debug|Any CPU
		{67A53B0D-417E-4E2F-A796-18B2FDB952A8}.Debug|Any CPU.Build.0 = Debug|Any CPU
		{67A53B0D-417E-4E2F-A796-18B2FDB952A8}.Release|Any CPU.ActiveCfg = Release|Any CPU
		{67A53B0D-417E-4E2F-A796-18B2FDB952A8}.Release|Any CPU.Build.0 = Release|Any CPU
	EndGlobalSection
	GlobalSection(SolutionProperties) = preSolution
		HideSolutionNode = FALSE
	EndGlobalSection
	GlobalSection(ExtensibilityGlobals) = postSolution
		SolutionGuid = {AAB52C5F-DB38-4661-B285-D52CC8FD8D7D}
	EndGlobalSection
EndGlobal
